// !$*UTF8*$!
{
	archiveVersion = 1;
	classes = {
	};
	objectVersion = 51;
	objects = {

/* Begin PBXBuildFile section */
		04918E7C2497005600C84055 /* GoogleService-Info.plist in Resources */ = {isa = PBXBuildFile; fileRef = 04918E7B2497005600C84055 /* GoogleService-Info.plist */; };
		04918E7D249700F100C84055 /* Initial.storyboard in Resources */ = {isa = PBXBuildFile; fileRef = 04D11BE42496FBD0008594B1 /* Initial.storyboard */; };
		04918E812497029400C84055 /* Geocode.swift in Sources */ = {isa = PBXBuildFile; fileRef = 04918E7E2497029400C84055 /* Geocode.swift */; };
		04918E822497029400C84055 /* DirectionRoute.swift in Sources */ = {isa = PBXBuildFile; fileRef = 04918E7F2497029400C84055 /* DirectionRoute.swift */; };
		04918E832497029400C84055 /* Stop.swift in Sources */ = {isa = PBXBuildFile; fileRef = 04918E802497029400C84055 /* Stop.swift */; };
		04918E88249702AD00C84055 /* MapVC.swift in Sources */ = {isa = PBXBuildFile; fileRef = 04918E84249702AC00C84055 /* MapVC.swift */; };
		04918E89249702AD00C84055 /* Main.storyboard in Resources */ = {isa = PBXBuildFile; fileRef = 04918E85249702AC00C84055 /* Main.storyboard */; };
		04918E8A249702AD00C84055 /* MapVC+MapFunctions.swift in Sources */ = {isa = PBXBuildFile; fileRef = 04918E86249702AD00C84055 /* MapVC+MapFunctions.swift */; };
		04918E8B249702AD00C84055 /* MapVC+DatabaseAccess.swift in Sources */ = {isa = PBXBuildFile; fileRef = 04918E87249702AD00C84055 /* MapVC+DatabaseAccess.swift */; };
		04918E8D249702F200C84055 /* MapVC+CardView.swift in Sources */ = {isa = PBXBuildFile; fileRef = 04918E8C249702F100C84055 /* MapVC+CardView.swift */; };
		04918E912497030D00C84055 /* RoutesQueryService.swift in Sources */ = {isa = PBXBuildFile; fileRef = 04918E8F2497030D00C84055 /* RoutesQueryService.swift */; };
		04918E922497030D00C84055 /* GeocodeQueryService.swift in Sources */ = {isa = PBXBuildFile; fileRef = 04918E902497030D00C84055 /* GeocodeQueryService.swift */; };
		04918E942497065D00C84055 /* StopsMock.swift in Sources */ = {isa = PBXBuildFile; fileRef = 04918E932497065D00C84055 /* StopsMock.swift */; };
		04918E98249706F100C84055 /* Geocode.swift in Sources */ = {isa = PBXBuildFile; fileRef = 04918E95249706F000C84055 /* Geocode.swift */; };
		04918E99249706F100C84055 /* Stop.swift in Sources */ = {isa = PBXBuildFile; fileRef = 04918E96249706F100C84055 /* Stop.swift */; };
		04918E9A249706F100C84055 /* DirectionRoute.swift in Sources */ = {isa = PBXBuildFile; fileRef = 04918E97249706F100C84055 /* DirectionRoute.swift */; };
		049E2DD4249420CE00CD7705 /* AppDelegate.swift in Sources */ = {isa = PBXBuildFile; fileRef = 049E2DD3249420CE00CD7705 /* AppDelegate.swift */; };
		049E2DD6249420CE00CD7705 /* SceneDelegate.swift in Sources */ = {isa = PBXBuildFile; fileRef = 049E2DD5249420CE00CD7705 /* SceneDelegate.swift */; };
		049E2DD8249420CE00CD7705 /* ViewController.swift in Sources */ = {isa = PBXBuildFile; fileRef = 049E2DD7249420CE00CD7705 /* ViewController.swift */; };
		049E2DDD249420D300CD7705 /* Assets.xcassets in Resources */ = {isa = PBXBuildFile; fileRef = 049E2DDC249420D300CD7705 /* Assets.xcassets */; };
		049E2DE0249420D300CD7705 /* LaunchScreen.storyboard in Resources */ = {isa = PBXBuildFile; fileRef = 049E2DDE249420D300CD7705 /* LaunchScreen.storyboard */; };
		6036729C24956442003CF6DB /* FoundElementsTableViewCell.swift in Sources */ = {isa = PBXBuildFile; fileRef = 6036729A24956442003CF6DB /* FoundElementsTableViewCell.swift */; };
		6036729D24956442003CF6DB /* FoundElementsTableViewCell.xib in Resources */ = {isa = PBXBuildFile; fileRef = 6036729B24956442003CF6DB /* FoundElementsTableViewCell.xib */; };
		603672A02495760B003CF6DB /* DetailsViewController.swift in Sources */ = {isa = PBXBuildFile; fileRef = 6036729E2495760B003CF6DB /* DetailsViewController.swift */; };
		603672A12495760B003CF6DB /* DetailsViewController.xib in Resources */ = {isa = PBXBuildFile; fileRef = 6036729F2495760B003CF6DB /* DetailsViewController.xib */; };
		603672A4249581FB003CF6DB /* Place.swift in Sources */ = {isa = PBXBuildFile; fileRef = 603672A3249581FA003CF6DB /* Place.swift */; };
		603672AA24965A0B003CF6DB /* InfoImageView.swift in Sources */ = {isa = PBXBuildFile; fileRef = 603672A924965A0B003CF6DB /* InfoImageView.swift */; };
		603672AC24965F51003CF6DB /* ImageWithText.swift in Sources */ = {isa = PBXBuildFile; fileRef = 603672AB24965F51003CF6DB /* ImageWithText.swift */; };
		603672AF2496785A003CF6DB /* ScroolViewControler.swift in Sources */ = {isa = PBXBuildFile; fileRef = 603672AE2496785A003CF6DB /* ScroolViewControler.swift */; };
		603672B1249688E8003CF6DB /* ScroolViewController.xib in Resources */ = {isa = PBXBuildFile; fileRef = 603672B0249688E8003CF6DB /* ScroolViewController.xib */; };
		603672B82496A61B003CF6DB /* InfoTypes.swift in Sources */ = {isa = PBXBuildFile; fileRef = 603672B72496A61B003CF6DB /* InfoTypes.swift */; };
		603672BC2496AFF6003CF6DB /* InitialViewController.swift in Sources */ = {isa = PBXBuildFile; fileRef = 603672BB2496AFF6003CF6DB /* InitialViewController.swift */; };
		60B8B0C92495075500C2D4AE /* CardViewController.xib in Resources */ = {isa = PBXBuildFile; fileRef = 60B8B0C82495075500C2D4AE /* CardViewController.xib */; };
		60B8B0CB24950B3800C2D4AE /* CardViewController.swift in Sources */ = {isa = PBXBuildFile; fileRef = 60B8B0CA24950B3800C2D4AE /* CardViewController.swift */; };
		F20CFA04ED23F34010024D95 /* Pods_HackatonCCR.framework in Frameworks */ = {isa = PBXBuildFile; fileRef = 4A6EFF455AA6871F4EB9A83F /* Pods_HackatonCCR.framework */; };
/* End PBXBuildFile section */

/* Begin PBXFileReference section */
		04918E7B2497005600C84055 /* GoogleService-Info.plist */ = {isa = PBXFileReference; fileEncoding = 4; lastKnownFileType = text.plist.xml; path = "GoogleService-Info.plist"; sourceTree = "<group>"; };
		04918E7E2497029400C84055 /* Geocode.swift */ = {isa = PBXFileReference; fileEncoding = 4; lastKnownFileType = sourcecode.swift; name = Geocode.swift; path = HackatonCCR/Model/Geocode.swift; sourceTree = SOURCE_ROOT; };
		04918E7F2497029400C84055 /* DirectionRoute.swift */ = {isa = PBXFileReference; fileEncoding = 4; lastKnownFileType = sourcecode.swift; name = DirectionRoute.swift; path = HackatonCCR/Model/DirectionRoute.swift; sourceTree = SOURCE_ROOT; };
		04918E802497029400C84055 /* Stop.swift */ = {isa = PBXFileReference; fileEncoding = 4; lastKnownFileType = sourcecode.swift; name = Stop.swift; path = HackatonCCR/Model/Stop.swift; sourceTree = SOURCE_ROOT; };
		04918E84249702AC00C84055 /* MapVC.swift */ = {isa = PBXFileReference; fileEncoding = 4; lastKnownFileType = sourcecode.swift; name = MapVC.swift; path = HackatonCCR/MapVC.swift; sourceTree = SOURCE_ROOT; };
		04918E85249702AC00C84055 /* Main.storyboard */ = {isa = PBXFileReference; fileEncoding = 4; lastKnownFileType = file.storyboard; name = Main.storyboard; path = HackatonCCR/Main.storyboard; sourceTree = SOURCE_ROOT; };
		04918E86249702AD00C84055 /* MapVC+MapFunctions.swift */ = {isa = PBXFileReference; fileEncoding = 4; lastKnownFileType = sourcecode.swift; name = "MapVC+MapFunctions.swift"; path = "HackatonCCR/MapVC+MapFunctions.swift"; sourceTree = SOURCE_ROOT; };
		04918E87249702AD00C84055 /* MapVC+DatabaseAccess.swift */ = {isa = PBXFileReference; fileEncoding = 4; lastKnownFileType = sourcecode.swift; name = "MapVC+DatabaseAccess.swift"; path = "HackatonCCR/MapVC+DatabaseAccess.swift"; sourceTree = SOURCE_ROOT; };
		04918E8C249702F100C84055 /* MapVC+CardView.swift */ = {isa = PBXFileReference; fileEncoding = 4; lastKnownFileType = sourcecode.swift; path = "MapVC+CardView.swift"; sourceTree = "<group>"; };
		04918E8F2497030D00C84055 /* RoutesQueryService.swift */ = {isa = PBXFileReference; fileEncoding = 4; lastKnownFileType = sourcecode.swift; path = RoutesQueryService.swift; sourceTree = "<group>"; };
		04918E902497030D00C84055 /* GeocodeQueryService.swift */ = {isa = PBXFileReference; fileEncoding = 4; lastKnownFileType = sourcecode.swift; path = GeocodeQueryService.swift; sourceTree = "<group>"; };
		04918E932497065D00C84055 /* StopsMock.swift */ = {isa = PBXFileReference; lastKnownFileType = sourcecode.swift; path = StopsMock.swift; sourceTree = "<group>"; };
		04918E95249706F000C84055 /* Geocode.swift */ = {isa = PBXFileReference; fileEncoding = 4; lastKnownFileType = sourcecode.swift; path = Geocode.swift; sourceTree = "<group>"; };
		04918E96249706F100C84055 /* Stop.swift */ = {isa = PBXFileReference; fileEncoding = 4; lastKnownFileType = sourcecode.swift; path = Stop.swift; sourceTree = "<group>"; };
		04918E97249706F100C84055 /* DirectionRoute.swift */ = {isa = PBXFileReference; fileEncoding = 4; lastKnownFileType = sourcecode.swift; path = DirectionRoute.swift; sourceTree = "<group>"; };
		049E2DD0249420CE00CD7705 /* HackatonCCR.app */ = {isa = PBXFileReference; explicitFileType = wrapper.application; includeInIndex = 0; path = HackatonCCR.app; sourceTree = BUILT_PRODUCTS_DIR; };
		049E2DD3249420CE00CD7705 /* AppDelegate.swift */ = {isa = PBXFileReference; lastKnownFileType = sourcecode.swift; path = AppDelegate.swift; sourceTree = "<group>"; };
		049E2DD5249420CE00CD7705 /* SceneDelegate.swift */ = {isa = PBXFileReference; lastKnownFileType = sourcecode.swift; path = SceneDelegate.swift; sourceTree = "<group>"; };
		049E2DD7249420CE00CD7705 /* ViewController.swift */ = {isa = PBXFileReference; lastKnownFileType = sourcecode.swift; path = ViewController.swift; sourceTree = "<group>"; };
		049E2DDC249420D300CD7705 /* Assets.xcassets */ = {isa = PBXFileReference; lastKnownFileType = folder.assetcatalog; path = Assets.xcassets; sourceTree = "<group>"; };
		049E2DDF249420D300CD7705 /* Base */ = {isa = PBXFileReference; lastKnownFileType = file.storyboard; name = Base; path = Base.lproj/LaunchScreen.storyboard; sourceTree = "<group>"; };
		049E2DE1249420D300CD7705 /* Info.plist */ = {isa = PBXFileReference; lastKnownFileType = text.plist.xml; path = Info.plist; sourceTree = "<group>"; };
		04D11BE42496FBD0008594B1 /* Initial.storyboard */ = {isa = PBXFileReference; lastKnownFileType = file.storyboard; name = Initial.storyboard; path = /Users/rafaelferreira/Documents/HackatonCCR/HackatonCCR/HackatonCCR/View/InitialView/Initial.storyboard; sourceTree = "<absolute>"; };
		361CAD758C4B18C4802BDBD4 /* Pods-HackatonCCR.debug.xcconfig */ = {isa = PBXFileReference; includeInIndex = 1; lastKnownFileType = text.xcconfig; name = "Pods-HackatonCCR.debug.xcconfig"; path = "Target Support Files/Pods-HackatonCCR/Pods-HackatonCCR.debug.xcconfig"; sourceTree = "<group>"; };
		4A6EFF455AA6871F4EB9A83F /* Pods_HackatonCCR.framework */ = {isa = PBXFileReference; explicitFileType = wrapper.framework; includeInIndex = 0; path = Pods_HackatonCCR.framework; sourceTree = BUILT_PRODUCTS_DIR; };
		6036729A24956442003CF6DB /* FoundElementsTableViewCell.swift */ = {isa = PBXFileReference; lastKnownFileType = sourcecode.swift; path = FoundElementsTableViewCell.swift; sourceTree = "<group>"; };
		6036729B24956442003CF6DB /* FoundElementsTableViewCell.xib */ = {isa = PBXFileReference; lastKnownFileType = file.xib; path = FoundElementsTableViewCell.xib; sourceTree = "<group>"; };
		6036729E2495760B003CF6DB /* DetailsViewController.swift */ = {isa = PBXFileReference; lastKnownFileType = sourcecode.swift; path = DetailsViewController.swift; sourceTree = "<group>"; };
		6036729F2495760B003CF6DB /* DetailsViewController.xib */ = {isa = PBXFileReference; lastKnownFileType = file.xib; path = DetailsViewController.xib; sourceTree = "<group>"; };
		603672A3249581FA003CF6DB /* Place.swift */ = {isa = PBXFileReference; lastKnownFileType = sourcecode.swift; path = Place.swift; sourceTree = "<group>"; };
		603672A924965A0B003CF6DB /* InfoImageView.swift */ = {isa = PBXFileReference; lastKnownFileType = sourcecode.swift; path = InfoImageView.swift; sourceTree = "<group>"; };
		603672AB24965F51003CF6DB /* ImageWithText.swift */ = {isa = PBXFileReference; lastKnownFileType = sourcecode.swift; path = ImageWithText.swift; sourceTree = "<group>"; };
		603672AE2496785A003CF6DB /* ScroolViewControler.swift */ = {isa = PBXFileReference; lastKnownFileType = sourcecode.swift; path = ScroolViewControler.swift; sourceTree = "<group>"; };
		603672B0249688E8003CF6DB /* ScroolViewController.xib */ = {isa = PBXFileReference; lastKnownFileType = file.xib; path = ScroolViewController.xib; sourceTree = "<group>"; };
		603672B72496A61B003CF6DB /* InfoTypes.swift */ = {isa = PBXFileReference; lastKnownFileType = sourcecode.swift; path = InfoTypes.swift; sourceTree = "<group>"; };
		603672BB2496AFF6003CF6DB /* InitialViewController.swift */ = {isa = PBXFileReference; lastKnownFileType = sourcecode.swift; path = InitialViewController.swift; sourceTree = "<group>"; };
		60B8B0C82495075500C2D4AE /* CardViewController.xib */ = {isa = PBXFileReference; lastKnownFileType = file.xib; path = CardViewController.xib; sourceTree = "<group>"; };
		60B8B0CA24950B3800C2D4AE /* CardViewController.swift */ = {isa = PBXFileReference; lastKnownFileType = sourcecode.swift; path = CardViewController.swift; sourceTree = "<group>"; };
		A76885854884768F9F5CD480 /* Pods-HackatonCCR.release.xcconfig */ = {isa = PBXFileReference; includeInIndex = 1; lastKnownFileType = text.xcconfig; name = "Pods-HackatonCCR.release.xcconfig"; path = "Target Support Files/Pods-HackatonCCR/Pods-HackatonCCR.release.xcconfig"; sourceTree = "<group>"; };
/* End PBXFileReference section */

/* Begin PBXFrameworksBuildPhase section */
		049E2DCD249420CE00CD7705 /* Frameworks */ = {
			isa = PBXFrameworksBuildPhase;
			buildActionMask = 2147483647;
			files = (
				F20CFA04ED23F34010024D95 /* Pods_HackatonCCR.framework in Frameworks */,
			);
			runOnlyForDeploymentPostprocessing = 0;
		};
/* End PBXFrameworksBuildPhase section */

/* Begin PBXGroup section */
		016016D61571D1511AD981D1 /* Pods */ = {
			isa = PBXGroup;
			children = (
				361CAD758C4B18C4802BDBD4 /* Pods-HackatonCCR.debug.xcconfig */,
				A76885854884768F9F5CD480 /* Pods-HackatonCCR.release.xcconfig */,
			);
			path = Pods;
			sourceTree = "<group>";
		};
		04918E8E2497030D00C84055 /* Networking */ = {
			isa = PBXGroup;
			children = (
				04918E8F2497030D00C84055 /* RoutesQueryService.swift */,
				04918E902497030D00C84055 /* GeocodeQueryService.swift */,
			);
			path = Networking;
			sourceTree = "<group>";
		};
		049E2DC7249420CE00CD7705 = {
			isa = PBXGroup;
			children = (
				049E2DD2249420CE00CD7705 /* HackatonCCR */,
				049E2DD1249420CE00CD7705 /* Products */,
				016016D61571D1511AD981D1 /* Pods */,
				7DB975628EBDDA66B89279B4 /* Frameworks */,
			);
			sourceTree = "<group>";
		};
		049E2DD1249420CE00CD7705 /* Products */ = {
			isa = PBXGroup;
			children = (
				049E2DD0249420CE00CD7705 /* HackatonCCR.app */,
			);
			name = Products;
			sourceTree = "<group>";
		};
		049E2DD2249420CE00CD7705 /* HackatonCCR */ = {
			isa = PBXGroup;
			children = (
				04918E8E2497030D00C84055 /* Networking */,
				603672A2249581D6003CF6DB /* Model */,
				049E2DE1249420D300CD7705 /* Info.plist */,
				04918E7B2497005600C84055 /* GoogleService-Info.plist */,
				6036729224956216003CF6DB /* Suport */,
				60367290249561CA003CF6DB /* View */,
			);
			path = HackatonCCR;
			sourceTree = "<group>";
		};
		60367290249561CA003CF6DB /* View */ = {
			isa = PBXGroup;
			children = (
				603672B92496AFC1003CF6DB /* InitialView */,
				603672942495625C003CF6DB /* MainView */,
				603672932495624B003CF6DB /* CardView */,
			);
			path = View;
			sourceTree = "<group>";
		};
		6036729224956216003CF6DB /* Suport */ = {
			isa = PBXGroup;
			children = (
				049E2DDE249420D300CD7705 /* LaunchScreen.storyboard */,
				049E2DD3249420CE00CD7705 /* AppDelegate.swift */,
				049E2DD5249420CE00CD7705 /* SceneDelegate.swift */,
				049E2DDC249420D300CD7705 /* Assets.xcassets */,
			);
			path = Suport;
			sourceTree = "<group>";
		};
		603672932495624B003CF6DB /* CardView */ = {
			isa = PBXGroup;
			children = (
				603672B524969D34003CF6DB /* CardView */,
				603672B624969D42003CF6DB /* SwiftUI_InfoView */,
				603672B424969D12003CF6DB /* TableView */,
				603672B324969CF8003CF6DB /* DetailsView */,
				603672B224969CE6003CF6DB /* ScroolView */,
			);
			path = CardView;
			sourceTree = "<group>";
		};
		603672942495625C003CF6DB /* MainView */ = {
			isa = PBXGroup;
			children = (
				04918E8C249702F100C84055 /* MapVC+CardView.swift */,
				049E2DD7249420CE00CD7705 /* ViewController.swift */,
				04918E85249702AC00C84055 /* Main.storyboard */,
				04918E84249702AC00C84055 /* MapVC.swift */,
				04918E87249702AD00C84055 /* MapVC+DatabaseAccess.swift */,
				04918E86249702AD00C84055 /* MapVC+MapFunctions.swift */,
				04918E7F2497029400C84055 /* DirectionRoute.swift */,
				04918E7E2497029400C84055 /* Geocode.swift */,
				04918E802497029400C84055 /* Stop.swift */,
			);
			path = MainView;
			sourceTree = "<group>";
		};
		603672A2249581D6003CF6DB /* Model */ = {
			isa = PBXGroup;
			children = (
				04918E97249706F100C84055 /* DirectionRoute.swift */,
				04918E95249706F000C84055 /* Geocode.swift */,
				04918E96249706F100C84055 /* Stop.swift */,
				603672A3249581FA003CF6DB /* Place.swift */,
				603672B72496A61B003CF6DB /* InfoTypes.swift */,
				04918E932497065D00C84055 /* StopsMock.swift */,
			);
			path = Model;
			sourceTree = "<group>";
		};
		603672B224969CE6003CF6DB /* ScroolView */ = {
			isa = PBXGroup;
			children = (
				603672AE2496785A003CF6DB /* ScroolViewControler.swift */,
				603672B0249688E8003CF6DB /* ScroolViewController.xib */,
			);
			path = ScroolView;
			sourceTree = "<group>";
		};
		603672B324969CF8003CF6DB /* DetailsView */ = {
			isa = PBXGroup;
			children = (
				6036729E2495760B003CF6DB /* DetailsViewController.swift */,
				6036729F2495760B003CF6DB /* DetailsViewController.xib */,
			);
			path = DetailsView;
			sourceTree = "<group>";
		};
		603672B424969D12003CF6DB /* TableView */ = {
			isa = PBXGroup;
			children = (
				6036729A24956442003CF6DB /* FoundElementsTableViewCell.swift */,
				6036729B24956442003CF6DB /* FoundElementsTableViewCell.xib */,
			);
			path = TableView;
			sourceTree = "<group>";
		};
		603672B524969D34003CF6DB /* CardView */ = {
			isa = PBXGroup;
			children = (
				60B8B0CA24950B3800C2D4AE /* CardViewController.swift */,
				60B8B0C82495075500C2D4AE /* CardViewController.xib */,
			);
			path = CardView;
			sourceTree = "<group>";
		};
		603672B624969D42003CF6DB /* SwiftUI_InfoView */ = {
			isa = PBXGroup;
			children = (
				603672A924965A0B003CF6DB /* InfoImageView.swift */,
				603672AB24965F51003CF6DB /* ImageWithText.swift */,
			);
			path = SwiftUI_InfoView;
			sourceTree = "<group>";
		};
		603672B92496AFC1003CF6DB /* InitialView */ = {
			isa = PBXGroup;
			children = (
				04D11BE42496FBD0008594B1 /* Initial.storyboard */,
				603672BB2496AFF6003CF6DB /* InitialViewController.swift */,
			);
			path = InitialView;
			sourceTree = "<group>";
		};
		7DB975628EBDDA66B89279B4 /* Frameworks */ = {
			isa = PBXGroup;
			children = (
				4A6EFF455AA6871F4EB9A83F /* Pods_HackatonCCR.framework */,
			);
			name = Frameworks;
			sourceTree = "<group>";
		};
/* End PBXGroup section */

/* Begin PBXNativeTarget section */
		049E2DCF249420CE00CD7705 /* HackatonCCR */ = {
			isa = PBXNativeTarget;
			buildConfigurationList = 049E2DE4249420D300CD7705 /* Build configuration list for PBXNativeTarget "HackatonCCR" */;
			buildPhases = (
				95B543E8E80F7B509208D48D /* [CP] Check Pods Manifest.lock */,
				049E2DCC249420CE00CD7705 /* Sources */,
				049E2DCD249420CE00CD7705 /* Frameworks */,
				049E2DCE249420CE00CD7705 /* Resources */,
				F330B34325B1375450DE9CD1 /* [CP] Embed Pods Frameworks */,
				462EC4C95DD0F4B89FAE8F02 /* [CP] Copy Pods Resources */,
			);
			buildRules = (
			);
			dependencies = (
			);
			name = HackatonCCR;
			productName = HackatonCCR;
			productReference = 049E2DD0249420CE00CD7705 /* HackatonCCR.app */;
			productType = "com.apple.product-type.application";
		};
/* End PBXNativeTarget section */

/* Begin PBXProject section */
		049E2DC8249420CE00CD7705 /* Project object */ = {
			isa = PBXProject;
			attributes = {
				LastSwiftUpdateCheck = 1150;
				LastUpgradeCheck = 1150;
				ORGANIZATIONNAME = "Rafael Ferreira";
				TargetAttributes = {
					049E2DCF249420CE00CD7705 = {
						CreatedOnToolsVersion = 11.5;
					};
				};
			};
			buildConfigurationList = 049E2DCB249420CE00CD7705 /* Build configuration list for PBXProject "HackatonCCR" */;
			compatibilityVersion = "Xcode 9.3";
			developmentRegion = en;
			hasScannedForEncodings = 0;
			knownRegions = (
				en,
				Base,
			);
			mainGroup = 049E2DC7249420CE00CD7705;
			productRefGroup = 049E2DD1249420CE00CD7705 /* Products */;
			projectDirPath = "";
			projectRoot = "";
			targets = (
				049E2DCF249420CE00CD7705 /* HackatonCCR */,
			);
		};
/* End PBXProject section */

/* Begin PBXResourcesBuildPhase section */
		049E2DCE249420CE00CD7705 /* Resources */ = {
			isa = PBXResourcesBuildPhase;
			buildActionMask = 2147483647;
			files = (
				04918E7D249700F100C84055 /* Initial.storyboard in Resources */,
				04918E89249702AD00C84055 /* Main.storyboard in Resources */,
				60B8B0C92495075500C2D4AE /* CardViewController.xib in Resources */,
				04918E7C2497005600C84055 /* GoogleService-Info.plist in Resources */,
				603672B1249688E8003CF6DB /* ScroolViewController.xib in Resources */,
				049E2DE0249420D300CD7705 /* LaunchScreen.storyboard in Resources */,
				6036729D24956442003CF6DB /* FoundElementsTableViewCell.xib in Resources */,
				049E2DDD249420D300CD7705 /* Assets.xcassets in Resources */,
				603672A12495760B003CF6DB /* DetailsViewController.xib in Resources */,
			);
			runOnlyForDeploymentPostprocessing = 0;
		};
/* End PBXResourcesBuildPhase section */

/* Begin PBXShellScriptBuildPhase section */
		462EC4C95DD0F4B89FAE8F02 /* [CP] Copy Pods Resources */ = {
			isa = PBXShellScriptBuildPhase;
			buildActionMask = 2147483647;
			files = (
			);
			inputFileListPaths = (
				"${PODS_ROOT}/Target Support Files/Pods-HackatonCCR/Pods-HackatonCCR-resources-${CONFIGURATION}-input-files.xcfilelist",
			);
			name = "[CP] Copy Pods Resources";
			outputFileListPaths = (
				"${PODS_ROOT}/Target Support Files/Pods-HackatonCCR/Pods-HackatonCCR-resources-${CONFIGURATION}-output-files.xcfilelist",
			);
			runOnlyForDeploymentPostprocessing = 0;
			shellPath = /bin/sh;
			shellScript = "\"${PODS_ROOT}/Target Support Files/Pods-HackatonCCR/Pods-HackatonCCR-resources.sh\"\n";
			showEnvVarsInLog = 0;
		};
		95B543E8E80F7B509208D48D /* [CP] Check Pods Manifest.lock */ = {
			isa = PBXShellScriptBuildPhase;
			buildActionMask = 2147483647;
			files = (
			);
			inputFileListPaths = (
			);
			inputPaths = (
				"${PODS_PODFILE_DIR_PATH}/Podfile.lock",
				"${PODS_ROOT}/Manifest.lock",
			);
			name = "[CP] Check Pods Manifest.lock";
			outputFileListPaths = (
			);
			outputPaths = (
				"$(DERIVED_FILE_DIR)/Pods-HackatonCCR-checkManifestLockResult.txt",
			);
			runOnlyForDeploymentPostprocessing = 0;
			shellPath = /bin/sh;
			shellScript = "diff \"${PODS_PODFILE_DIR_PATH}/Podfile.lock\" \"${PODS_ROOT}/Manifest.lock\" > /dev/null\nif [ $? != 0 ] ; then\n    # print error to STDERR\n    echo \"error: The sandbox is not in sync with the Podfile.lock. Run 'pod install' or update your CocoaPods installation.\" >&2\n    exit 1\nfi\n# This output is used by Xcode 'outputs' to avoid re-running this script phase.\necho \"SUCCESS\" > \"${SCRIPT_OUTPUT_FILE_0}\"\n";
			showEnvVarsInLog = 0;
		};
		F330B34325B1375450DE9CD1 /* [CP] Embed Pods Frameworks */ = {
			isa = PBXShellScriptBuildPhase;
			buildActionMask = 2147483647;
			files = (
			);
			inputFileListPaths = (
				"${PODS_ROOT}/Target Support Files/Pods-HackatonCCR/Pods-HackatonCCR-frameworks-${CONFIGURATION}-input-files.xcfilelist",
			);
			name = "[CP] Embed Pods Frameworks";
			outputFileListPaths = (
				"${PODS_ROOT}/Target Support Files/Pods-HackatonCCR/Pods-HackatonCCR-frameworks-${CONFIGURATION}-output-files.xcfilelist",
			);
			runOnlyForDeploymentPostprocessing = 0;
			shellPath = /bin/sh;
			shellScript = "\"${PODS_ROOT}/Target Support Files/Pods-HackatonCCR/Pods-HackatonCCR-frameworks.sh\"\n";
			showEnvVarsInLog = 0;
		};
/* End PBXShellScriptBuildPhase section */

/* Begin PBXSourcesBuildPhase section */
		049E2DCC249420CE00CD7705 /* Sources */ = {
			isa = PBXSourcesBuildPhase;
			buildActionMask = 2147483647;
			files = (
				603672AA24965A0B003CF6DB /* InfoImageView.swift in Sources */,
				6036729C24956442003CF6DB /* FoundElementsTableViewCell.swift in Sources */,
				04918E832497029400C84055 /* Stop.swift in Sources */,
				603672AC24965F51003CF6DB /* ImageWithText.swift in Sources */,
				04918E912497030D00C84055 /* RoutesQueryService.swift in Sources */,
				04918E98249706F100C84055 /* Geocode.swift in Sources */,
				603672BC2496AFF6003CF6DB /* InitialViewController.swift in Sources */,
				04918E8A249702AD00C84055 /* MapVC+MapFunctions.swift in Sources */,
				04918E8D249702F200C84055 /* MapVC+CardView.swift in Sources */,
				60B8B0CB24950B3800C2D4AE /* CardViewController.swift in Sources */,
				04918E822497029400C84055 /* DirectionRoute.swift in Sources */,
				04918E99249706F100C84055 /* Stop.swift in Sources */,
				04918E812497029400C84055 /* Geocode.swift in Sources */,
				04918E942497065D00C84055 /* StopsMock.swift in Sources */,
				049E2DD8249420CE00CD7705 /* ViewController.swift in Sources */,
				04918E8B249702AD00C84055 /* MapVC+DatabaseAccess.swift in Sources */,
				04918E9A249706F100C84055 /* DirectionRoute.swift in Sources */,
				04918E922497030D00C84055 /* GeocodeQueryService.swift in Sources */,
				603672AF2496785A003CF6DB /* ScroolViewControler.swift in Sources */,
				049E2DD4249420CE00CD7705 /* AppDelegate.swift in Sources */,
				049E2DD6249420CE00CD7705 /* SceneDelegate.swift in Sources */,
				603672A4249581FB003CF6DB /* Place.swift in Sources */,
				04918E88249702AD00C84055 /* MapVC.swift in Sources */,
				603672B82496A61B003CF6DB /* InfoTypes.swift in Sources */,
				603672A02495760B003CF6DB /* DetailsViewController.swift in Sources */,
			);
			runOnlyForDeploymentPostprocessing = 0;
		};
/* End PBXSourcesBuildPhase section */

/* Begin PBXVariantGroup section */
		049E2DDE249420D300CD7705 /* LaunchScreen.storyboard */ = {
			isa = PBXVariantGroup;
			children = (
				049E2DDF249420D300CD7705 /* Base */,
			);
			name = LaunchScreen.storyboard;
			sourceTree = "<group>";
		};
/* End PBXVariantGroup section */

/* Begin XCBuildConfiguration section */
		049E2DE2249420D300CD7705 /* Debug */ = {
			isa = XCBuildConfiguration;
			buildSettings = {
				ALWAYS_SEARCH_USER_PATHS = NO;
				CLANG_ANALYZER_NONNULL = YES;
				CLANG_ANALYZER_NUMBER_OBJECT_CONVERSION = YES_AGGRESSIVE;
				CLANG_CXX_LANGUAGE_STANDARD = "gnu++14";
				CLANG_CXX_LIBRARY = "libc++";
				CLANG_ENABLE_MODULES = YES;
				CLANG_ENABLE_OBJC_ARC = YES;
				CLANG_ENABLE_OBJC_WEAK = YES;
				CLANG_WARN_BLOCK_CAPTURE_AUTORELEASING = YES;
				CLANG_WARN_BOOL_CONVERSION = YES;
				CLANG_WARN_COMMA = YES;
				CLANG_WARN_CONSTANT_CONVERSION = YES;
				CLANG_WARN_DEPRECATED_OBJC_IMPLEMENTATIONS = YES;
				CLANG_WARN_DIRECT_OBJC_ISA_USAGE = YES_ERROR;
				CLANG_WARN_DOCUMENTATION_COMMENTS = YES;
				CLANG_WARN_EMPTY_BODY = YES;
				CLANG_WARN_ENUM_CONVERSION = YES;
				CLANG_WARN_INFINITE_RECURSION = YES;
				CLANG_WARN_INT_CONVERSION = YES;
				CLANG_WARN_NON_LITERAL_NULL_CONVERSION = YES;
				CLANG_WARN_OBJC_IMPLICIT_RETAIN_SELF = YES;
				CLANG_WARN_OBJC_LITERAL_CONVERSION = YES;
				CLANG_WARN_OBJC_ROOT_CLASS = YES_ERROR;
				CLANG_WARN_RANGE_LOOP_ANALYSIS = YES;
				CLANG_WARN_STRICT_PROTOTYPES = YES;
				CLANG_WARN_SUSPICIOUS_MOVE = YES;
				CLANG_WARN_UNGUARDED_AVAILABILITY = YES_AGGRESSIVE;
				CLANG_WARN_UNREACHABLE_CODE = YES;
				CLANG_WARN__DUPLICATE_METHOD_MATCH = YES;
				COPY_PHASE_STRIP = NO;
				DEBUG_INFORMATION_FORMAT = dwarf;
				ENABLE_STRICT_OBJC_MSGSEND = YES;
				ENABLE_TESTABILITY = YES;
				GCC_C_LANGUAGE_STANDARD = gnu11;
				GCC_DYNAMIC_NO_PIC = NO;
				GCC_NO_COMMON_BLOCKS = YES;
				GCC_OPTIMIZATION_LEVEL = 0;
				GCC_PREPROCESSOR_DEFINITIONS = (
					"DEBUG=1",
					"$(inherited)",
				);
				GCC_WARN_64_TO_32_BIT_CONVERSION = YES;
				GCC_WARN_ABOUT_RETURN_TYPE = YES_ERROR;
				GCC_WARN_UNDECLARED_SELECTOR = YES;
				GCC_WARN_UNINITIALIZED_AUTOS = YES_AGGRESSIVE;
				GCC_WARN_UNUSED_FUNCTION = YES;
				GCC_WARN_UNUSED_VARIABLE = YES;
				IPHONEOS_DEPLOYMENT_TARGET = 13.0;
				MTL_ENABLE_DEBUG_INFO = INCLUDE_SOURCE;
				MTL_FAST_MATH = YES;
				ONLY_ACTIVE_ARCH = YES;
				SDKROOT = iphoneos;
				SWIFT_ACTIVE_COMPILATION_CONDITIONS = DEBUG;
				SWIFT_OPTIMIZATION_LEVEL = "-Onone";
			};
			name = Debug;
		};
		049E2DE3249420D300CD7705 /* Release */ = {
			isa = XCBuildConfiguration;
			buildSettings = {
				ALWAYS_SEARCH_USER_PATHS = NO;
				CLANG_ANALYZER_NONNULL = YES;
				CLANG_ANALYZER_NUMBER_OBJECT_CONVERSION = YES_AGGRESSIVE;
				CLANG_CXX_LANGUAGE_STANDARD = "gnu++14";
				CLANG_CXX_LIBRARY = "libc++";
				CLANG_ENABLE_MODULES = YES;
				CLANG_ENABLE_OBJC_ARC = YES;
				CLANG_ENABLE_OBJC_WEAK = YES;
				CLANG_WARN_BLOCK_CAPTURE_AUTORELEASING = YES;
				CLANG_WARN_BOOL_CONVERSION = YES;
				CLANG_WARN_COMMA = YES;
				CLANG_WARN_CONSTANT_CONVERSION = YES;
				CLANG_WARN_DEPRECATED_OBJC_IMPLEMENTATIONS = YES;
				CLANG_WARN_DIRECT_OBJC_ISA_USAGE = YES_ERROR;
				CLANG_WARN_DOCUMENTATION_COMMENTS = YES;
				CLANG_WARN_EMPTY_BODY = YES;
				CLANG_WARN_ENUM_CONVERSION = YES;
				CLANG_WARN_INFINITE_RECURSION = YES;
				CLANG_WARN_INT_CONVERSION = YES;
				CLANG_WARN_NON_LITERAL_NULL_CONVERSION = YES;
				CLANG_WARN_OBJC_IMPLICIT_RETAIN_SELF = YES;
				CLANG_WARN_OBJC_LITERAL_CONVERSION = YES;
				CLANG_WARN_OBJC_ROOT_CLASS = YES_ERROR;
				CLANG_WARN_RANGE_LOOP_ANALYSIS = YES;
				CLANG_WARN_STRICT_PROTOTYPES = YES;
				CLANG_WARN_SUSPICIOUS_MOVE = YES;
				CLANG_WARN_UNGUARDED_AVAILABILITY = YES_AGGRESSIVE;
				CLANG_WARN_UNREACHABLE_CODE = YES;
				CLANG_WARN__DUPLICATE_METHOD_MATCH = YES;
				COPY_PHASE_STRIP = NO;
				DEBUG_INFORMATION_FORMAT = "dwarf-with-dsym";
				ENABLE_NS_ASSERTIONS = NO;
				ENABLE_STRICT_OBJC_MSGSEND = YES;
				GCC_C_LANGUAGE_STANDARD = gnu11;
				GCC_NO_COMMON_BLOCKS = YES;
				GCC_WARN_64_TO_32_BIT_CONVERSION = YES;
				GCC_WARN_ABOUT_RETURN_TYPE = YES_ERROR;
				GCC_WARN_UNDECLARED_SELECTOR = YES;
				GCC_WARN_UNINITIALIZED_AUTOS = YES_AGGRESSIVE;
				GCC_WARN_UNUSED_FUNCTION = YES;
				GCC_WARN_UNUSED_VARIABLE = YES;
				IPHONEOS_DEPLOYMENT_TARGET = 13.0;
				MTL_ENABLE_DEBUG_INFO = NO;
				MTL_FAST_MATH = YES;
				SDKROOT = iphoneos;
				SWIFT_COMPILATION_MODE = wholemodule;
				SWIFT_OPTIMIZATION_LEVEL = "-O";
				VALIDATE_PRODUCT = YES;
			};
			name = Release;
		};
		049E2DE5249420D300CD7705 /* Debug */ = {
			isa = XCBuildConfiguration;
			baseConfigurationReference = 361CAD758C4B18C4802BDBD4 /* Pods-HackatonCCR.debug.xcconfig */;
			buildSettings = {
				ASSETCATALOG_COMPILER_APPICON_NAME = AppIcon;
				CODE_SIGN_IDENTITY = "Apple Development";
				CODE_SIGN_STYLE = Automatic;
				DEVELOPMENT_TEAM = M36T693Y9P;
				INFOPLIST_FILE = HackatonCCR/Info.plist;
				IPHONEOS_DEPLOYMENT_TARGET = 13.0;
				LD_RUNPATH_SEARCH_PATHS = (
					"$(inherited)",
					"@executable_path/Frameworks",
				);
				PRODUCT_BUNDLE_IDENTIFIER = rff.HackatonCCR;
				PRODUCT_NAME = "$(TARGET_NAME)";
				PROVISIONING_PROFILE_SPECIFIER = "";
				SWIFT_VERSION = 5.0;
				TARGETED_DEVICE_FAMILY = "1,2";
			};
			name = Debug;
		};
		049E2DE6249420D300CD7705 /* Release */ = {
			isa = XCBuildConfiguration;
			baseConfigurationReference = A76885854884768F9F5CD480 /* Pods-HackatonCCR.release.xcconfig */;
			buildSettings = {
				ASSETCATALOG_COMPILER_APPICON_NAME = AppIcon;
				CODE_SIGN_IDENTITY = "Apple Development";
				CODE_SIGN_STYLE = Automatic;
				DEVELOPMENT_TEAM = M36T693Y9P;
				INFOPLIST_FILE = HackatonCCR/Info.plist;
				IPHONEOS_DEPLOYMENT_TARGET = 13.0;
				LD_RUNPATH_SEARCH_PATHS = (
					"$(inherited)",
					"@executable_path/Frameworks",
				);
				PRODUCT_BUNDLE_IDENTIFIER = rff.HackatonCCR;
				PRODUCT_NAME = "$(TARGET_NAME)";
				PROVISIONING_PROFILE_SPECIFIER = "";
				SWIFT_VERSION = 5.0;
				TARGETED_DEVICE_FAMILY = "1,2";
			};
			name = Release;
		};
/* End XCBuildConfiguration section */

/* Begin XCConfigurationList section */
		049E2DCB249420CE00CD7705 /* Build configuration list for PBXProject "HackatonCCR" */ = {
			isa = XCConfigurationList;
			buildConfigurations = (
				049E2DE2249420D300CD7705 /* Debug */,
				049E2DE3249420D300CD7705 /* Release */,
			);
			defaultConfigurationIsVisible = 0;
			defaultConfigurationName = Release;
		};
		049E2DE4249420D300CD7705 /* Build configuration list for PBXNativeTarget "HackatonCCR" */ = {
			isa = XCConfigurationList;
			buildConfigurations = (
				049E2DE5249420D300CD7705 /* Debug */,
				049E2DE6249420D300CD7705 /* Release */,
			);
			defaultConfigurationIsVisible = 0;
			defaultConfigurationName = Release;
		};
/* End XCConfigurationList section */
	};
	rootObject = 049E2DC8249420CE00CD7705 /* Project object */;
}
