// !$*UTF8*$!
{
	archiveVersion = 1;
	classes = {
	};
	objectVersion = 51;
	objects = {

/* Begin PBXBuildFile section */
		0424F37A2496765C0093D56E /* GoogleService-Info.plist in Resources */ = {isa = PBXBuildFile; fileRef = 0424F3792496765B0093D56E /* GoogleService-Info.plist */; };
		0436594D24943250002BA1AB /* MapVC.swift in Sources */ = {isa = PBXBuildFile; fileRef = 0436594C24943250002BA1AB /* MapVC.swift */; };
		043F92BF24968BA3005FBC43 /* MapVC+MapFunctions.swift in Sources */ = {isa = PBXBuildFile; fileRef = 043F92BE24968BA3005FBC43 /* MapVC+MapFunctions.swift */; };
		043F92C12496A378005FBC43 /* Stop.swift in Sources */ = {isa = PBXBuildFile; fileRef = 043F92C02496A378005FBC43 /* Stop.swift */; };
		043F92C32496A544005FBC43 /* MapVC+DatabaseAccess.swift in Sources */ = {isa = PBXBuildFile; fileRef = 043F92C22496A544005FBC43 /* MapVC+DatabaseAccess.swift */; };
		049C40342495E6B9003BB445 /* RoutesQueryService.swift in Sources */ = {isa = PBXBuildFile; fileRef = 049C40332495E6B9003BB445 /* RoutesQueryService.swift */; };
		049E2DD4249420CE00CD7705 /* AppDelegate.swift in Sources */ = {isa = PBXBuildFile; fileRef = 049E2DD3249420CE00CD7705 /* AppDelegate.swift */; };
		049E2DD6249420CE00CD7705 /* SceneDelegate.swift in Sources */ = {isa = PBXBuildFile; fileRef = 049E2DD5249420CE00CD7705 /* SceneDelegate.swift */; };
		049E2DD8249420CE00CD7705 /* ViewController.swift in Sources */ = {isa = PBXBuildFile; fileRef = 049E2DD7249420CE00CD7705 /* ViewController.swift */; };
		049E2DDD249420D300CD7705 /* Assets.xcassets in Resources */ = {isa = PBXBuildFile; fileRef = 049E2DDC249420D300CD7705 /* Assets.xcassets */; };
		049E2DE0249420D300CD7705 /* LaunchScreen.storyboard in Resources */ = {isa = PBXBuildFile; fileRef = 049E2DDE249420D300CD7705 /* LaunchScreen.storyboard */; };
		04B416CD24951976009185E1 /* Main.storyboard in Resources */ = {isa = PBXBuildFile; fileRef = 04B416CC24951976009185E1 /* Main.storyboard */; };
		04D21E2F24965ECA0066C4D2 /* DirectionRoute.swift in Sources */ = {isa = PBXBuildFile; fileRef = 04D21E2E24965ECA0066C4D2 /* DirectionRoute.swift */; };
		04FDE1B724952E5300C508BF /* Geocode.swift in Sources */ = {isa = PBXBuildFile; fileRef = 04FDE1B624952E5300C508BF /* Geocode.swift */; };
		04FDE1D924956AE500C508BF /* GeocodeQueryService.swift in Sources */ = {isa = PBXBuildFile; fileRef = 04FDE1D824956AE500C508BF /* GeocodeQueryService.swift */; };
		54A59A658129CE932F6269D1 /* Pods_HackatonCCR.framework in Frameworks */ = {isa = PBXBuildFile; fileRef = 05ED75FAA64049B57DD99AD0 /* Pods_HackatonCCR.framework */; };
/* End PBXBuildFile section */

/* Begin PBXFileReference section */
		0424F3792496765B0093D56E /* GoogleService-Info.plist */ = {isa = PBXFileReference; fileEncoding = 4; lastKnownFileType = text.plist.xml; path = "GoogleService-Info.plist"; sourceTree = "<group>"; };
		0436594C24943250002BA1AB /* MapVC.swift */ = {isa = PBXFileReference; lastKnownFileType = sourcecode.swift; path = MapVC.swift; sourceTree = "<group>"; };
		043F92BE24968BA3005FBC43 /* MapVC+MapFunctions.swift */ = {isa = PBXFileReference; lastKnownFileType = sourcecode.swift; path = "MapVC+MapFunctions.swift"; sourceTree = "<group>"; };
		043F92C02496A378005FBC43 /* Stop.swift */ = {isa = PBXFileReference; lastKnownFileType = sourcecode.swift; path = Stop.swift; sourceTree = "<group>"; };
		043F92C22496A544005FBC43 /* MapVC+DatabaseAccess.swift */ = {isa = PBXFileReference; lastKnownFileType = sourcecode.swift; path = "MapVC+DatabaseAccess.swift"; sourceTree = "<group>"; };
		049C40332495E6B9003BB445 /* RoutesQueryService.swift */ = {isa = PBXFileReference; lastKnownFileType = sourcecode.swift; path = RoutesQueryService.swift; sourceTree = "<group>"; };
		049E2DD0249420CE00CD7705 /* HackatonCCR.app */ = {isa = PBXFileReference; explicitFileType = wrapper.application; includeInIndex = 0; path = HackatonCCR.app; sourceTree = BUILT_PRODUCTS_DIR; };
		049E2DD3249420CE00CD7705 /* AppDelegate.swift */ = {isa = PBXFileReference; lastKnownFileType = sourcecode.swift; path = AppDelegate.swift; sourceTree = "<group>"; };
		049E2DD5249420CE00CD7705 /* SceneDelegate.swift */ = {isa = PBXFileReference; lastKnownFileType = sourcecode.swift; path = SceneDelegate.swift; sourceTree = "<group>"; };
		049E2DD7249420CE00CD7705 /* ViewController.swift */ = {isa = PBXFileReference; lastKnownFileType = sourcecode.swift; path = ViewController.swift; sourceTree = "<group>"; };
		049E2DDC249420D300CD7705 /* Assets.xcassets */ = {isa = PBXFileReference; lastKnownFileType = folder.assetcatalog; path = Assets.xcassets; sourceTree = "<group>"; };
		049E2DDF249420D300CD7705 /* Base */ = {isa = PBXFileReference; lastKnownFileType = file.storyboard; name = Base; path = Base.lproj/LaunchScreen.storyboard; sourceTree = "<group>"; };
		049E2DE1249420D300CD7705 /* Info.plist */ = {isa = PBXFileReference; lastKnownFileType = text.plist.xml; path = Info.plist; sourceTree = "<group>"; };
		04B416CC24951976009185E1 /* Main.storyboard */ = {isa = PBXFileReference; fileEncoding = 4; lastKnownFileType = file.storyboard; path = Main.storyboard; sourceTree = "<group>"; };
		04D21E2E24965ECA0066C4D2 /* DirectionRoute.swift */ = {isa = PBXFileReference; lastKnownFileType = sourcecode.swift; path = DirectionRoute.swift; sourceTree = "<group>"; };
		04FDE1B624952E5300C508BF /* Geocode.swift */ = {isa = PBXFileReference; lastKnownFileType = sourcecode.swift; path = Geocode.swift; sourceTree = "<group>"; };
		04FDE1D824956AE500C508BF /* GeocodeQueryService.swift */ = {isa = PBXFileReference; lastKnownFileType = sourcecode.swift; path = GeocodeQueryService.swift; sourceTree = "<group>"; };
		05ED75FAA64049B57DD99AD0 /* Pods_HackatonCCR.framework */ = {isa = PBXFileReference; explicitFileType = wrapper.framework; includeInIndex = 0; path = Pods_HackatonCCR.framework; sourceTree = BUILT_PRODUCTS_DIR; };
		4EF2C9A2147FA5C52ED0FE9D /* Pods-HackatonCCR.release.xcconfig */ = {isa = PBXFileReference; includeInIndex = 1; lastKnownFileType = text.xcconfig; name = "Pods-HackatonCCR.release.xcconfig"; path = "Target Support Files/Pods-HackatonCCR/Pods-HackatonCCR.release.xcconfig"; sourceTree = "<group>"; };
		CE420BC68CDBC2123D87B3D6 /* Pods-HackatonCCR.debug.xcconfig */ = {isa = PBXFileReference; includeInIndex = 1; lastKnownFileType = text.xcconfig; name = "Pods-HackatonCCR.debug.xcconfig"; path = "Target Support Files/Pods-HackatonCCR/Pods-HackatonCCR.debug.xcconfig"; sourceTree = "<group>"; };
/* End PBXFileReference section */

/* Begin PBXFrameworksBuildPhase section */
		049E2DCD249420CE00CD7705 /* Frameworks */ = {
			isa = PBXFrameworksBuildPhase;
			buildActionMask = 2147483647;
			files = (
				54A59A658129CE932F6269D1 /* Pods_HackatonCCR.framework in Frameworks */,
			);
			runOnlyForDeploymentPostprocessing = 0;
		};
/* End PBXFrameworksBuildPhase section */

/* Begin PBXGroup section */
		016016D61571D1511AD981D1 /* Pods */ = {
			isa = PBXGroup;
			children = (
				CE420BC68CDBC2123D87B3D6 /* Pods-HackatonCCR.debug.xcconfig */,
				4EF2C9A2147FA5C52ED0FE9D /* Pods-HackatonCCR.release.xcconfig */,
			);
			path = Pods;
			sourceTree = "<group>";
		};
		049E2DC7249420CE00CD7705 = {
			isa = PBXGroup;
			children = (
				049E2DD2249420CE00CD7705 /* HackatonCCR */,
				049E2DD1249420CE00CD7705 /* Products */,
				016016D61571D1511AD981D1 /* Pods */,
				6ADC9DEC304DADFFEA57182F /* Frameworks */,
			);
			sourceTree = "<group>";
		};
		049E2DD1249420CE00CD7705 /* Products */ = {
			isa = PBXGroup;
			children = (
				049E2DD0249420CE00CD7705 /* HackatonCCR.app */,
			);
			name = Products;
			sourceTree = "<group>";
		};
		049E2DD2249420CE00CD7705 /* HackatonCCR */ = {
			isa = PBXGroup;
			children = (
				04FDE1BC2495406000C508BF /* Networking */,
				04FDE1B524952E4700C508BF /* Model */,
				04B416CC24951976009185E1 /* Main.storyboard */,
				049E2DD3249420CE00CD7705 /* AppDelegate.swift */,
				049E2DD5249420CE00CD7705 /* SceneDelegate.swift */,
				049E2DD7249420CE00CD7705 /* ViewController.swift */,
				049E2DDC249420D300CD7705 /* Assets.xcassets */,
				049E2DDE249420D300CD7705 /* LaunchScreen.storyboard */,
				049E2DE1249420D300CD7705 /* Info.plist */,
				0424F3792496765B0093D56E /* GoogleService-Info.plist */,
				0436594C24943250002BA1AB /* MapVC.swift */,
				043F92C22496A544005FBC43 /* MapVC+DatabaseAccess.swift */,
				043F92BE24968BA3005FBC43 /* MapVC+MapFunctions.swift */,
			);
			path = HackatonCCR;
			sourceTree = "<group>";
		};
		04FDE1B524952E4700C508BF /* Model */ = {
			isa = PBXGroup;
			children = (
				04FDE1B624952E5300C508BF /* Geocode.swift */,
				04D21E2E24965ECA0066C4D2 /* DirectionRoute.swift */,
				043F92C02496A378005FBC43 /* Stop.swift */,
			);
			path = Model;
			sourceTree = "<group>";
		};
		04FDE1BC2495406000C508BF /* Networking */ = {
			isa = PBXGroup;
			children = (
				04FDE1D824956AE500C508BF /* GeocodeQueryService.swift */,
				049C40332495E6B9003BB445 /* RoutesQueryService.swift */,
			);
			path = Networking;
			sourceTree = "<group>";
		};
		6ADC9DEC304DADFFEA57182F /* Frameworks */ = {
			isa = PBXGroup;
			children = (
				05ED75FAA64049B57DD99AD0 /* Pods_HackatonCCR.framework */,
			);
			name = Frameworks;
			sourceTree = "<group>";
		};
/* End PBXGroup section */

/* Begin PBXNativeTarget section */
		049E2DCF249420CE00CD7705 /* HackatonCCR */ = {
			isa = PBXNativeTarget;
			buildConfigurationList = 049E2DE4249420D300CD7705 /* Build configuration list for PBXNativeTarget "HackatonCCR" */;
			buildPhases = (
				582A427C650C2D6D4B824752 /* [CP] Check Pods Manifest.lock */,
				049E2DCC249420CE00CD7705 /* Sources */,
				049E2DCD249420CE00CD7705 /* Frameworks */,
				049E2DCE249420CE00CD7705 /* Resources */,
				0BDD4E8DC14737078EC9A473 /* [CP] Copy Pods Resources */,
				56E0F955E6F92FDF0F5DE547 /* [CP] Embed Pods Frameworks */,
			);
			buildRules = (
			);
			dependencies = (
			);
			name = HackatonCCR;
			productName = HackatonCCR;
			productReference = 049E2DD0249420CE00CD7705 /* HackatonCCR.app */;
			productType = "com.apple.product-type.application";
		};
/* End PBXNativeTarget section */

/* Begin PBXProject section */
		049E2DC8249420CE00CD7705 /* Project object */ = {
			isa = PBXProject;
			attributes = {
				LastSwiftUpdateCheck = 1150;
				LastUpgradeCheck = 1150;
				ORGANIZATIONNAME = "Rafael Ferreira";
				TargetAttributes = {
					049E2DCF249420CE00CD7705 = {
						CreatedOnToolsVersion = 11.5;
					};
				};
			};
			buildConfigurationList = 049E2DCB249420CE00CD7705 /* Build configuration list for PBXProject "HackatonCCR" */;
			compatibilityVersion = "Xcode 9.3";
			developmentRegion = en;
			hasScannedForEncodings = 0;
			knownRegions = (
				en,
				Base,
			);
			mainGroup = 049E2DC7249420CE00CD7705;
			productRefGroup = 049E2DD1249420CE00CD7705 /* Products */;
			projectDirPath = "";
			projectRoot = "";
			targets = (
				049E2DCF249420CE00CD7705 /* HackatonCCR */,
			);
		};
/* End PBXProject section */

/* Begin PBXResourcesBuildPhase section */
		049E2DCE249420CE00CD7705 /* Resources */ = {
			isa = PBXResourcesBuildPhase;
			buildActionMask = 2147483647;
			files = (
				04B416CD24951976009185E1 /* Main.storyboard in Resources */,
				0424F37A2496765C0093D56E /* GoogleService-Info.plist in Resources */,
				049E2DE0249420D300CD7705 /* LaunchScreen.storyboard in Resources */,
				049E2DDD249420D300CD7705 /* Assets.xcassets in Resources */,
			);
			runOnlyForDeploymentPostprocessing = 0;
		};
/* End PBXResourcesBuildPhase section */

/* Begin PBXShellScriptBuildPhase section */
		0BDD4E8DC14737078EC9A473 /* [CP] Copy Pods Resources */ = {
			isa = PBXShellScriptBuildPhase;
			buildActionMask = 2147483647;
			files = (
			);
			inputFileListPaths = (
				"${PODS_ROOT}/Target Support Files/Pods-HackatonCCR/Pods-HackatonCCR-resources-${CONFIGURATION}-input-files.xcfilelist",
			);
			name = "[CP] Copy Pods Resources";
			outputFileListPaths = (
				"${PODS_ROOT}/Target Support Files/Pods-HackatonCCR/Pods-HackatonCCR-resources-${CONFIGURATION}-output-files.xcfilelist",
			);
			runOnlyForDeploymentPostprocessing = 0;
			shellPath = /bin/sh;
			shellScript = "\"${PODS_ROOT}/Target Support Files/Pods-HackatonCCR/Pods-HackatonCCR-resources.sh\"\n";
			showEnvVarsInLog = 0;
		};
		56E0F955E6F92FDF0F5DE547 /* [CP] Embed Pods Frameworks */ = {
			isa = PBXShellScriptBuildPhase;
			buildActionMask = 2147483647;
			files = (
			);
			inputFileListPaths = (
				"${PODS_ROOT}/Target Support Files/Pods-HackatonCCR/Pods-HackatonCCR-frameworks-${CONFIGURATION}-input-files.xcfilelist",
			);
			name = "[CP] Embed Pods Frameworks";
			outputFileListPaths = (
				"${PODS_ROOT}/Target Support Files/Pods-HackatonCCR/Pods-HackatonCCR-frameworks-${CONFIGURATION}-output-files.xcfilelist",
			);
			runOnlyForDeploymentPostprocessing = 0;
			shellPath = /bin/sh;
			shellScript = "\"${PODS_ROOT}/Target Support Files/Pods-HackatonCCR/Pods-HackatonCCR-frameworks.sh\"\n";
			showEnvVarsInLog = 0;
		};
		582A427C650C2D6D4B824752 /* [CP] Check Pods Manifest.lock */ = {
			isa = PBXShellScriptBuildPhase;
			buildActionMask = 2147483647;
			files = (
			);
			inputFileListPaths = (
			);
			inputPaths = (
				"${PODS_PODFILE_DIR_PATH}/Podfile.lock",
				"${PODS_ROOT}/Manifest.lock",
			);
			name = "[CP] Check Pods Manifest.lock";
			outputFileListPaths = (
			);
			outputPaths = (
				"$(DERIVED_FILE_DIR)/Pods-HackatonCCR-checkManifestLockResult.txt",
			);
			runOnlyForDeploymentPostprocessing = 0;
			shellPath = /bin/sh;
			shellScript = "diff \"${PODS_PODFILE_DIR_PATH}/Podfile.lock\" \"${PODS_ROOT}/Manifest.lock\" > /dev/null\nif [ $? != 0 ] ; then\n    # print error to STDERR\n    echo \"error: The sandbox is not in sync with the Podfile.lock. Run 'pod install' or update your CocoaPods installation.\" >&2\n    exit 1\nfi\n# This output is used by Xcode 'outputs' to avoid re-running this script phase.\necho \"SUCCESS\" > \"${SCRIPT_OUTPUT_FILE_0}\"\n";
			showEnvVarsInLog = 0;
		};
/* End PBXShellScriptBuildPhase section */

/* Begin PBXSourcesBuildPhase section */
		049E2DCC249420CE00CD7705 /* Sources */ = {
			isa = PBXSourcesBuildPhase;
			buildActionMask = 2147483647;
			files = (
				04FDE1B724952E5300C508BF /* Geocode.swift in Sources */,
				049E2DD8249420CE00CD7705 /* ViewController.swift in Sources */,
				043F92BF24968BA3005FBC43 /* MapVC+MapFunctions.swift in Sources */,
				0436594D24943250002BA1AB /* MapVC.swift in Sources */,
				049E2DD4249420CE00CD7705 /* AppDelegate.swift in Sources */,
				04FDE1D924956AE500C508BF /* GeocodeQueryService.swift in Sources */,
				04D21E2F24965ECA0066C4D2 /* DirectionRoute.swift in Sources */,
				043F92C12496A378005FBC43 /* Stop.swift in Sources */,
				049E2DD6249420CE00CD7705 /* SceneDelegate.swift in Sources */,
				043F92C32496A544005FBC43 /* MapVC+DatabaseAccess.swift in Sources */,
				049C40342495E6B9003BB445 /* RoutesQueryService.swift in Sources */,
			);
			runOnlyForDeploymentPostprocessing = 0;
		};
/* End PBXSourcesBuildPhase section */

/* Begin PBXVariantGroup section */
		049E2DDE249420D300CD7705 /* LaunchScreen.storyboard */ = {
			isa = PBXVariantGroup;
			children = (
				049E2DDF249420D300CD7705 /* Base */,
			);
			name = LaunchScreen.storyboard;
			sourceTree = "<group>";
		};
/* End PBXVariantGroup section */

/* Begin XCBuildConfiguration section */
		049E2DE2249420D300CD7705 /* Debug */ = {
			isa = XCBuildConfiguration;
			buildSettings = {
				ALWAYS_SEARCH_USER_PATHS = NO;
				CLANG_ANALYZER_NONNULL = YES;
				CLANG_ANALYZER_NUMBER_OBJECT_CONVERSION = YES_AGGRESSIVE;
				CLANG_CXX_LANGUAGE_STANDARD = "gnu++14";
				CLANG_CXX_LIBRARY = "libc++";
				CLANG_ENABLE_MODULES = YES;
				CLANG_ENABLE_OBJC_ARC = YES;
				CLANG_ENABLE_OBJC_WEAK = YES;
				CLANG_WARN_BLOCK_CAPTURE_AUTORELEASING = YES;
				CLANG_WARN_BOOL_CONVERSION = YES;
				CLANG_WARN_COMMA = YES;
				CLANG_WARN_CONSTANT_CONVERSION = YES;
				CLANG_WARN_DEPRECATED_OBJC_IMPLEMENTATIONS = YES;
				CLANG_WARN_DIRECT_OBJC_ISA_USAGE = YES_ERROR;
				CLANG_WARN_DOCUMENTATION_COMMENTS = YES;
				CLANG_WARN_EMPTY_BODY = YES;
				CLANG_WARN_ENUM_CONVERSION = YES;
				CLANG_WARN_INFINITE_RECURSION = YES;
				CLANG_WARN_INT_CONVERSION = YES;
				CLANG_WARN_NON_LITERAL_NULL_CONVERSION = YES;
				CLANG_WARN_OBJC_IMPLICIT_RETAIN_SELF = YES;
				CLANG_WARN_OBJC_LITERAL_CONVERSION = YES;
				CLANG_WARN_OBJC_ROOT_CLASS = YES_ERROR;
				CLANG_WARN_RANGE_LOOP_ANALYSIS = YES;
				CLANG_WARN_STRICT_PROTOTYPES = YES;
				CLANG_WARN_SUSPICIOUS_MOVE = YES;
				CLANG_WARN_UNGUARDED_AVAILABILITY = YES_AGGRESSIVE;
				CLANG_WARN_UNREACHABLE_CODE = YES;
				CLANG_WARN__DUPLICATE_METHOD_MATCH = YES;
				COPY_PHASE_STRIP = NO;
				DEBUG_INFORMATION_FORMAT = dwarf;
				ENABLE_STRICT_OBJC_MSGSEND = YES;
				ENABLE_TESTABILITY = YES;
				GCC_C_LANGUAGE_STANDARD = gnu11;
				GCC_DYNAMIC_NO_PIC = NO;
				GCC_NO_COMMON_BLOCKS = YES;
				GCC_OPTIMIZATION_LEVEL = 0;
				GCC_PREPROCESSOR_DEFINITIONS = (
					"DEBUG=1",
					"$(inherited)",
				);
				GCC_WARN_64_TO_32_BIT_CONVERSION = YES;
				GCC_WARN_ABOUT_RETURN_TYPE = YES_ERROR;
				GCC_WARN_UNDECLARED_SELECTOR = YES;
				GCC_WARN_UNINITIALIZED_AUTOS = YES_AGGRESSIVE;
				GCC_WARN_UNUSED_FUNCTION = YES;
				GCC_WARN_UNUSED_VARIABLE = YES;
				IPHONEOS_DEPLOYMENT_TARGET = 13.5;
				MTL_ENABLE_DEBUG_INFO = INCLUDE_SOURCE;
				MTL_FAST_MATH = YES;
				ONLY_ACTIVE_ARCH = YES;
				SDKROOT = iphoneos;
				SWIFT_ACTIVE_COMPILATION_CONDITIONS = DEBUG;
				SWIFT_OPTIMIZATION_LEVEL = "-Onone";
			};
			name = Debug;
		};
		049E2DE3249420D300CD7705 /* Release */ = {
			isa = XCBuildConfiguration;
			buildSettings = {
				ALWAYS_SEARCH_USER_PATHS = NO;
				CLANG_ANALYZER_NONNULL = YES;
				CLANG_ANALYZER_NUMBER_OBJECT_CONVERSION = YES_AGGRESSIVE;
				CLANG_CXX_LANGUAGE_STANDARD = "gnu++14";
				CLANG_CXX_LIBRARY = "libc++";
				CLANG_ENABLE_MODULES = YES;
				CLANG_ENABLE_OBJC_ARC = YES;
				CLANG_ENABLE_OBJC_WEAK = YES;
				CLANG_WARN_BLOCK_CAPTURE_AUTORELEASING = YES;
				CLANG_WARN_BOOL_CONVERSION = YES;
				CLANG_WARN_COMMA = YES;
				CLANG_WARN_CONSTANT_CONVERSION = YES;
				CLANG_WARN_DEPRECATED_OBJC_IMPLEMENTATIONS = YES;
				CLANG_WARN_DIRECT_OBJC_ISA_USAGE = YES_ERROR;
				CLANG_WARN_DOCUMENTATION_COMMENTS = YES;
				CLANG_WARN_EMPTY_BODY = YES;
				CLANG_WARN_ENUM_CONVERSION = YES;
				CLANG_WARN_INFINITE_RECURSION = YES;
				CLANG_WARN_INT_CONVERSION = YES;
				CLANG_WARN_NON_LITERAL_NULL_CONVERSION = YES;
				CLANG_WARN_OBJC_IMPLICIT_RETAIN_SELF = YES;
				CLANG_WARN_OBJC_LITERAL_CONVERSION = YES;
				CLANG_WARN_OBJC_ROOT_CLASS = YES_ERROR;
				CLANG_WARN_RANGE_LOOP_ANALYSIS = YES;
				CLANG_WARN_STRICT_PROTOTYPES = YES;
				CLANG_WARN_SUSPICIOUS_MOVE = YES;
				CLANG_WARN_UNGUARDED_AVAILABILITY = YES_AGGRESSIVE;
				CLANG_WARN_UNREACHABLE_CODE = YES;
				CLANG_WARN__DUPLICATE_METHOD_MATCH = YES;
				COPY_PHASE_STRIP = NO;
				DEBUG_INFORMATION_FORMAT = "dwarf-with-dsym";
				ENABLE_NS_ASSERTIONS = NO;
				ENABLE_STRICT_OBJC_MSGSEND = YES;
				GCC_C_LANGUAGE_STANDARD = gnu11;
				GCC_NO_COMMON_BLOCKS = YES;
				GCC_WARN_64_TO_32_BIT_CONVERSION = YES;
				GCC_WARN_ABOUT_RETURN_TYPE = YES_ERROR;
				GCC_WARN_UNDECLARED_SELECTOR = YES;
				GCC_WARN_UNINITIALIZED_AUTOS = YES_AGGRESSIVE;
				GCC_WARN_UNUSED_FUNCTION = YES;
				GCC_WARN_UNUSED_VARIABLE = YES;
				IPHONEOS_DEPLOYMENT_TARGET = 13.5;
				MTL_ENABLE_DEBUG_INFO = NO;
				MTL_FAST_MATH = YES;
				SDKROOT = iphoneos;
				SWIFT_COMPILATION_MODE = wholemodule;
				SWIFT_OPTIMIZATION_LEVEL = "-O";
				VALIDATE_PRODUCT = YES;
			};
			name = Release;
		};
		049E2DE5249420D300CD7705 /* Debug */ = {
			isa = XCBuildConfiguration;
			baseConfigurationReference = CE420BC68CDBC2123D87B3D6 /* Pods-HackatonCCR.debug.xcconfig */;
			buildSettings = {
				ASSETCATALOG_COMPILER_APPICON_NAME = AppIcon;
				CODE_SIGN_STYLE = Automatic;
				DEVELOPMENT_TEAM = M36T693Y9P;
				INFOPLIST_FILE = HackatonCCR/Info.plist;
				LD_RUNPATH_SEARCH_PATHS = (
					"$(inherited)",
					"@executable_path/Frameworks",
				);
				PRODUCT_BUNDLE_IDENTIFIER = rff.HackatonCCR;
				PRODUCT_NAME = "$(TARGET_NAME)";
				SWIFT_VERSION = 5.0;
				TARGETED_DEVICE_FAMILY = "1,2";
			};
			name = Debug;
		};
		049E2DE6249420D300CD7705 /* Release */ = {
			isa = XCBuildConfiguration;
			baseConfigurationReference = 4EF2C9A2147FA5C52ED0FE9D /* Pods-HackatonCCR.release.xcconfig */;
			buildSettings = {
				ASSETCATALOG_COMPILER_APPICON_NAME = AppIcon;
				CODE_SIGN_STYLE = Automatic;
				DEVELOPMENT_TEAM = M36T693Y9P;
				INFOPLIST_FILE = HackatonCCR/Info.plist;
				LD_RUNPATH_SEARCH_PATHS = (
					"$(inherited)",
					"@executable_path/Frameworks",
				);
				PRODUCT_BUNDLE_IDENTIFIER = rff.HackatonCCR;
				PRODUCT_NAME = "$(TARGET_NAME)";
				SWIFT_VERSION = 5.0;
				TARGETED_DEVICE_FAMILY = "1,2";
			};
			name = Release;
		};
/* End XCBuildConfiguration section */

/* Begin XCConfigurationList section */
		049E2DCB249420CE00CD7705 /* Build configuration list for PBXProject "HackatonCCR" */ = {
			isa = XCConfigurationList;
			buildConfigurations = (
				049E2DE2249420D300CD7705 /* Debug */,
				049E2DE3249420D300CD7705 /* Release */,
			);
			defaultConfigurationIsVisible = 0;
			defaultConfigurationName = Release;
		};
		049E2DE4249420D300CD7705 /* Build configuration list for PBXNativeTarget "HackatonCCR" */ = {
			isa = XCConfigurationList;
			buildConfigurations = (
				049E2DE5249420D300CD7705 /* Debug */,
				049E2DE6249420D300CD7705 /* Release */,
			);
			defaultConfigurationIsVisible = 0;
			defaultConfigurationName = Release;
		};
/* End XCConfigurationList section */
	};
	rootObject = 049E2DC8249420CE00CD7705 /* Project object */;
}
